# This file is automatically @generated by Cargo.
# It is not intended for manual editing.
version = 4

[[package]]
name = "gamepoint-audio"
version = "0.1.0"

[[package]]
name = "gamepoint-capture"
version = "0.1.0"

[[package]]
name = "gamepoint-dispatch"
version = "0.1.0"

[[package]]
name = "gamepoint-ringbuf-x"
version = "0.1.0"

[[package]]
name = "gamepoint-svc"
version = "0.1.0"
